
Microsoft Visual Studio Solution File, Format Version 12.00
# Visual Studio Version 17
VisualStudioVersion = 17.5.002.0
MinimumVisualStudioVersion = 10.0.40219.1
Project("{9A19103F-16F7-4668-BE54-9A1E7A4F7556}") = "MathGame", "MathGame.csproj", "{C2574FFE-AF08-410E-B0B1-B0A0893CE791}"
EndProject
Global
	GlobalSection(SolutionConfigurationPlatforms) = preSolution
		Debug|Any CPU = Debug|Any CPU
		Release|Any CPU = Release|Any CPU
	EndGlobalSection
	GlobalSection(ProjectConfigurationPlatforms) = postSolution
		{C2574FFE-AF08-410E-B0B1-B0A0893CE791}.Debug|Any CPU.ActiveCfg = Debug|Any CPU
		{C2574FFE-AF08-410E-B0B1-B0A0893CE791}.Debug|Any CPU.Build.0 = Debug|Any CPU
		{C2574FFE-AF08-410E-B0B1-B0A0893CE791}.Release|Any CPU.ActiveCfg = Release|Any CPU
		{C2574FFE-AF08-410E-B0B1-B0A0893CE791}.Release|Any CPU.Build.0 = Release|Any CPU
	EndGlobalSection
	GlobalSection(SolutionProperties) = preSolution
		HideSolutionNode = FALSE
	EndGlobalSection
	GlobalSection(ExtensibilityGlobals) = postSolution
		SolutionGuid = {DCBD129E-E987-4C64-99D4-EC3C636150B2}
	EndGlobalSection
EndGlobal
